
Microsoft Visual Studio Solution File, Format Version 12.00
# Visual Studio Version 16
VisualStudioVersion = 16.0.31321.278
MinimumVisualStudioVersion = 10.0.40219.1
Project("{FAE04EC0-301F-11D3-BF4B-00C04F79EFBC}") = "ReverseNumber", "ReverseNumber\ReverseNumber.csproj", "{520F3684-37DA-4F65-BBEE-88E55F99FFD7}"
EndProject
Global
	GlobalSection(SolutionConfigurationPlatforms) = preSolution
		Debug|Any CPU = Debug|Any CPU
		Release|Any CPU = Release|Any CPU
	EndGlobalSection
	GlobalSection(ProjectConfigurationPlatforms) = postSolution
		{520F3684-37DA-4F65-BBEE-88E55F99FFD7}.Debug|Any CPU.ActiveCfg = Debug|Any CPU
		{520F3684-37DA-4F65-BBEE-88E55F99FFD7}.Debug|Any CPU.Build.0 = Debug|Any CPU
		{520F3684-37DA-4F65-BBEE-88E55F99FFD7}.Release|Any CPU.ActiveCfg = Release|Any CPU
		{520F3684-37DA-4F65-BBEE-88E55F99FFD7}.Release|Any CPU.Build.0 = Release|Any CPU
	EndGlobalSection
	GlobalSection(SolutionProperties) = preSolution
		HideSolutionNode = FALSE
	EndGlobalSection
	GlobalSection(ExtensibilityGlobals) = postSolution
		SolutionGuid = {70EA83B0-0E06-4BBA-99BF-A67E61336F0F}
	EndGlobalSection
EndGlobal
